
Microsoft Visual Studio Solution File, Format Version 12.00
# Visual Studio Version 16
VisualStudioVersion = 16.0.32228.343
MinimumVisualStudioVersion = 10.0.40219.1
Project("{FAE04EC0-301F-11D3-BF4B-00C04F79EFBC}") = "APIGateway", "APIGateway\APIGateway.csproj", "{306788F3-2C3A-4A5E-9B05-8F1D0B908F20}"
EndProject
Project("{2150E333-8FDC-42A3-9474-1A3956D46DE8}") = "Services", "Services", "{988D469A-4601-4DC1-8118-F20D0689DE4E}"
EndProject
Project("{FAE04EC0-301F-11D3-BF4B-00C04F79EFBC}") = "Contact.API", "Services\ContactAPI\Contact.API\Contact.API.csproj", "{97CE909B-57A3-4732-8505-25AC5331A20F}"
EndProject
Project("{FAE04EC0-301F-11D3-BF4B-00C04F79EFBC}") = "Reservation.API", "Services\ResAPI\Reservation.API\Reservation.API.csproj", "{4E809A95-D320-44F0-9A40-F767135631D2}"
EndProject
Project("{2150E333-8FDC-42A3-9474-1A3956D46DE8}") = "ContactAPI", "ContactAPI", "{73DF322F-3F0B-44BA-8AC7-23D9619C4F33}"
EndProject
Project("{2150E333-8FDC-42A3-9474-1A3956D46DE8}") = "ReservationAPI", "ReservationAPI", "{836F26E3-AEE2-42C9-BB80-A781F65183E5}"
EndProject
Project("{FAE04EC0-301F-11D3-BF4B-00C04F79EFBC}") = "Contact.API.Infrastructure", "Services\ContactAPI\Contact.API.Infrastructure\Contact.API.Infrastructure.csproj", "{E7BBC743-4CF3-48E0-BD50-6B9070186E0C}"
EndProject
Project("{FAE04EC0-301F-11D3-BF4B-00C04F79EFBC}") = "Contact.API.Models", "Services\ContactAPI\Contact.API.Models\Contact.API.Models.csproj", "{77CFA96A-78B7-4BB6-BC70-8D61AEB2E587}"
EndProject
Project("{FAE04EC0-301F-11D3-BF4B-00C04F79EFBC}") = "Contact.API.Services", "Services\ContactAPI\Contact.API.Services\Contact.API.Services.csproj", "{C375A7B0-9AFB-4B0B-A14D-79A4F772C686}"
EndProject
Project("{FAE04EC0-301F-11D3-BF4B-00C04F79EFBC}") = "Reservation.API.Infrastructure", "Services\ResAPI\Reservation.API.Infrastructure\Reservation.API.Infrastructure.csproj", "{A64EBEDD-D174-4B90-8774-9BBD43DFCBA4}"
EndProject
Project("{FAE04EC0-301F-11D3-BF4B-00C04F79EFBC}") = "Reservation.API.Models", "Services\ResAPI\Reservation.API.Models\Reservation.API.Models.csproj", "{67D52A7F-3EBE-4740-A061-0E7BD24950F7}"
EndProject
Project("{FAE04EC0-301F-11D3-BF4B-00C04F79EFBC}") = "Reservation.API.Services", "Services\ResAPI\Reservation.API.Services\Reservation.API.Services.csproj", "{8EC8CEF3-3322-4A8B-A200-DE98D2212224}"
EndProject
Global
	GlobalSection(SolutionConfigurationPlatforms) = preSolution
		Debug|Any CPU = Debug|Any CPU
		Release|Any CPU = Release|Any CPU
	EndGlobalSection
	GlobalSection(ProjectConfigurationPlatforms) = postSolution
		{306788F3-2C3A-4A5E-9B05-8F1D0B908F20}.Debug|Any CPU.ActiveCfg = Debug|Any CPU
		{306788F3-2C3A-4A5E-9B05-8F1D0B908F20}.Debug|Any CPU.Build.0 = Debug|Any CPU
		{306788F3-2C3A-4A5E-9B05-8F1D0B908F20}.Release|Any CPU.ActiveCfg = Release|Any CPU
		{306788F3-2C3A-4A5E-9B05-8F1D0B908F20}.Release|Any CPU.Build.0 = Release|Any CPU
		{97CE909B-57A3-4732-8505-25AC5331A20F}.Debug|Any CPU.ActiveCfg = Debug|Any CPU
		{97CE909B-57A3-4732-8505-25AC5331A20F}.Debug|Any CPU.Build.0 = Debug|Any CPU
		{97CE909B-57A3-4732-8505-25AC5331A20F}.Release|Any CPU.ActiveCfg = Release|Any CPU
		{97CE909B-57A3-4732-8505-25AC5331A20F}.Release|Any CPU.Build.0 = Release|Any CPU
		{4E809A95-D320-44F0-9A40-F767135631D2}.Debug|Any CPU.ActiveCfg = Debug|Any CPU
		{4E809A95-D320-44F0-9A40-F767135631D2}.Debug|Any CPU.Build.0 = Debug|Any CPU
		{4E809A95-D320-44F0-9A40-F767135631D2}.Release|Any CPU.ActiveCfg = Release|Any CPU
		{4E809A95-D320-44F0-9A40-F767135631D2}.Release|Any CPU.Build.0 = Release|Any CPU
		{E7BBC743-4CF3-48E0-BD50-6B9070186E0C}.Debug|Any CPU.ActiveCfg = Debug|Any CPU
		{E7BBC743-4CF3-48E0-BD50-6B9070186E0C}.Debug|Any CPU.Build.0 = Debug|Any CPU
		{E7BBC743-4CF3-48E0-BD50-6B9070186E0C}.Release|Any CPU.ActiveCfg = Release|Any CPU
		{E7BBC743-4CF3-48E0-BD50-6B9070186E0C}.Release|Any CPU.Build.0 = Release|Any CPU
		{77CFA96A-78B7-4BB6-BC70-8D61AEB2E587}.Debug|Any CPU.ActiveCfg = Debug|Any CPU
		{77CFA96A-78B7-4BB6-BC70-8D61AEB2E587}.Debug|Any CPU.Build.0 = Debug|Any CPU
		{77CFA96A-78B7-4BB6-BC70-8D61AEB2E587}.Release|Any CPU.ActiveCfg = Release|Any CPU
		{77CFA96A-78B7-4BB6-BC70-8D61AEB2E587}.Release|Any CPU.Build.0 = Release|Any CPU
		{C375A7B0-9AFB-4B0B-A14D-79A4F772C686}.Debug|Any CPU.ActiveCfg = Debug|Any CPU
		{C375A7B0-9AFB-4B0B-A14D-79A4F772C686}.Debug|Any CPU.Build.0 = Debug|Any CPU
		{C375A7B0-9AFB-4B0B-A14D-79A4F772C686}.Release|Any CPU.ActiveCfg = Release|Any CPU
		{C375A7B0-9AFB-4B0B-A14D-79A4F772C686}.Release|Any CPU.Build.0 = Release|Any CPU
		{A64EBEDD-D174-4B90-8774-9BBD43DFCBA4}.Debug|Any CPU.ActiveCfg = Debug|Any CPU
		{A64EBEDD-D174-4B90-8774-9BBD43DFCBA4}.Debug|Any CPU.Build.0 = Debug|Any CPU
		{A64EBEDD-D174-4B90-8774-9BBD43DFCBA4}.Release|Any CPU.ActiveCfg = Release|Any CPU
		{A64EBEDD-D174-4B90-8774-9BBD43DFCBA4}.Release|Any CPU.Build.0 = Release|Any CPU
		{67D52A7F-3EBE-4740-A061-0E7BD24950F7}.Debug|Any CPU.ActiveCfg = Debug|Any CPU
		{67D52A7F-3EBE-4740-A061-0E7BD24950F7}.Debug|Any CPU.Build.0 = Debug|Any CPU
		{67D52A7F-3EBE-4740-A061-0E7BD24950F7}.Release|Any CPU.ActiveCfg = Release|Any CPU
		{67D52A7F-3EBE-4740-A061-0E7BD24950F7}.Release|Any CPU.Build.0 = Release|Any CPU
		{8EC8CEF3-3322-4A8B-A200-DE98D2212224}.Debug|Any CPU.ActiveCfg = Debug|Any CPU
		{8EC8CEF3-3322-4A8B-A200-DE98D2212224}.Debug|Any CPU.Build.0 = Debug|Any CPU
		{8EC8CEF3-3322-4A8B-A200-DE98D2212224}.Release|Any CPU.ActiveCfg = Release|Any CPU
		{8EC8CEF3-3322-4A8B-A200-DE98D2212224}.Release|Any CPU.Build.0 = Release|Any CPU
	EndGlobalSection
	GlobalSection(SolutionProperties) = preSolution
		HideSolutionNode = FALSE
	EndGlobalSection
	GlobalSection(NestedProjects) = preSolution
		{97CE909B-57A3-4732-8505-25AC5331A20F} = {73DF322F-3F0B-44BA-8AC7-23D9619C4F33}
		{4E809A95-D320-44F0-9A40-F767135631D2} = {836F26E3-AEE2-42C9-BB80-A781F65183E5}
		{73DF322F-3F0B-44BA-8AC7-23D9619C4F33} = {988D469A-4601-4DC1-8118-F20D0689DE4E}
		{836F26E3-AEE2-42C9-BB80-A781F65183E5} = {988D469A-4601-4DC1-8118-F20D0689DE4E}
		{E7BBC743-4CF3-48E0-BD50-6B9070186E0C} = {73DF322F-3F0B-44BA-8AC7-23D9619C4F33}
		{77CFA96A-78B7-4BB6-BC70-8D61AEB2E587} = {73DF322F-3F0B-44BA-8AC7-23D9619C4F33}
		{C375A7B0-9AFB-4B0B-A14D-79A4F772C686} = {73DF322F-3F0B-44BA-8AC7-23D9619C4F33}
		{A64EBEDD-D174-4B90-8774-9BBD43DFCBA4} = {836F26E3-AEE2-42C9-BB80-A781F65183E5}
		{67D52A7F-3EBE-4740-A061-0E7BD24950F7} = {836F26E3-AEE2-42C9-BB80-A781F65183E5}
		{8EC8CEF3-3322-4A8B-A200-DE98D2212224} = {836F26E3-AEE2-42C9-BB80-A781F65183E5}
	EndGlobalSection
	GlobalSection(ExtensibilityGlobals) = postSolution
		SolutionGuid = {8727F11F-E0E8-4228-A7D0-27E363F9FF48}
	EndGlobalSection
EndGlobal
